
Microsoft Visual Studio Solution File, Format Version 12.00
# Visual Studio Version 16
VisualStudioVersion = 16.0.32228.343
MinimumVisualStudioVersion = 10.0.40219.1
Project("{FAE04EC0-301F-11D3-BF4B-00C04F79EFBC}") = "ConsoleApp1", "ConsoleApp1\ConsoleApp1.csproj", "{AA2E5F2F-1D28-4479-9AEA-4FE8CA99CBF3}"
EndProject
Global
	GlobalSection(SolutionConfigurationPlatforms) = preSolution
		Debug|Any CPU = Debug|Any CPU
		Release|Any CPU = Release|Any CPU
	EndGlobalSection
	GlobalSection(ProjectConfigurationPlatforms) = postSolution
		{AA2E5F2F-1D28-4479-9AEA-4FE8CA99CBF3}.Debug|Any CPU.ActiveCfg = Debug|Any CPU
		{AA2E5F2F-1D28-4479-9AEA-4FE8CA99CBF3}.Debug|Any CPU.Build.0 = Debug|Any CPU
		{AA2E5F2F-1D28-4479-9AEA-4FE8CA99CBF3}.Release|Any CPU.ActiveCfg = Release|Any CPU
		{AA2E5F2F-1D28-4479-9AEA-4FE8CA99CBF3}.Release|Any CPU.Build.0 = Release|Any CPU
	EndGlobalSection
	GlobalSection(SolutionProperties) = preSolution
		HideSolutionNode = FALSE
	EndGlobalSection
	GlobalSection(ExtensibilityGlobals) = postSolution
		SolutionGuid = {79772659-B690-481C-AD54-DC55DF25A452}
	EndGlobalSection
EndGlobal
